# generated by rye
# use `rye lock` or `rye sync` to update this lockfile
#
# last locked with the following flags:
#   pre: false
#   features: []
#   all-features: false
#   with-sources: false
#   generate-hashes: false

-e file:.
annotated-types==0.7.0
    # via pydantic
anyio==4.4.0
    # via httpx
    # via starlette
    # via watchfiles
attrs==23.2.0
    # via glom
    # via jsonschema
    # via referencing
    # via semgrep
blis==0.7.11
    # via thinc
boltons==21.0.0
    # via face
    # via glom
    # via semgrep
bracex==2.4
    # via wcmatch
catalogue==2.0.10
    # via spacy
    # via srsly
    # via thinc
certifi==2024.7.4
    # via httpcore
    # via httpx
    # via requests
charset-normalizer==3.3.2
    # via requests
click==8.1.7
    # via click-option-group
    # via semgrep
    # via typer
    # via uvicorn
click-option-group==0.5.6
    # via semgrep
cloudpathlib==0.18.1
    # via weasel
colorama==0.4.6
    # via semgrep
confection==0.1.5
    # via thinc
    # via weasel
cymem==2.0.8
    # via preshed
    # via spacy
    # via thinc
defusedxml==0.7.1
    # via semgrep
dnspython==2.6.1
    # via email-validator
email-validator==2.2.0
    # via fastapi
exceptiongroup==1.2.1
    # via semgrep
face==22.0.0
    # via glom
fastapi==0.111.0
    # via fastapi-utils
    # via invariant-server
fastapi-cli==0.0.4
    # via fastapi
fastapi-utils==0.7.0
    # via invariant-server
filelock==3.15.4
    # via tldextract
glom==22.1.0
    # via semgrep
h11==0.14.0
    # via httpcore
    # via uvicorn
httpcore==1.0.5
    # via httpx
httptools==0.6.1
    # via uvicorn
httpx==0.27.0
    # via fastapi
idna==3.7
    # via anyio
    # via email-validator
    # via httpx
    # via requests
    # via tldextract
iniconfig==2.0.0
    # via pytest
invariant @ git+https://github.com/invariantlabs-ai/invariant.git@47e5c1045f650a44bc27bc0573d5f6edef5863fa
    # via invariant-server
jinja2==3.1.4
    # via fastapi
    # via spacy
jsonschema==4.23.0
    # via semgrep
jsonschema-specifications==2023.12.1
    # via jsonschema
langcodes==3.4.0
    # via spacy
language-data==1.2.0
    # via langcodes
lark==1.1.9
    # via invariant
marisa-trie==1.2.0
    # via language-data
markdown-it-py==3.0.0
    # via rich
markupsafe==2.1.5
    # via jinja2
mdurl==0.1.2
    # via markdown-it-py
murmurhash==1.0.10
    # via preshed
    # via spacy
    # via thinc
mypy-extensions==1.0.0
    # via typing-inspect
numpy==1.26.4
    # via blis
    # via spacy
    # via thinc
orjson==3.10.6
    # via fastapi
packaging==24.1
    # via pytest
    # via semgrep
    # via spacy
    # via thinc
    # via weasel
peewee==3.17.6
    # via semgrep
phonenumbers==8.13.40
    # via presidio-analyzer
pip==24.1.2
    # via invariant
pluggy==1.5.0
    # via pytest
preshed==3.0.9
    # via spacy
    # via thinc
presidio-analyzer==2.2.354
    # via invariant-server
psutil==5.9.8
    # via fastapi-utils
pydantic==2.8.2
    # via confection
    # via fastapi
    # via fastapi-utils
    # via invariant
    # via pydantic-settings
    # via spacy
    # via thinc
    # via weasel
pydantic-core==2.20.1
    # via pydantic
pydantic-settings==2.3.4
    # via invariant-server
pygments==2.18.0
    # via rich
pytest==8.2.2
python-dotenv==1.0.1
    # via pydantic-settings
    # via uvicorn
python-multipart==0.0.9
    # via fastapi
pyyaml==6.0.1
    # via presidio-analyzer
    # via uvicorn
referencing==0.35.1
    # via jsonschema
    # via jsonschema-specifications
regex==2024.5.15
    # via presidio-analyzer
requests==2.32.3
    # via requests-file
    # via semgrep
    # via spacy
    # via tldextract
    # via weasel
requests-file==2.1.0
    # via tldextract
rich==13.7.1
    # via semgrep
    # via typer
rpds-py==0.19.0
    # via jsonschema
    # via referencing
ruamel-yaml==0.17.40
    # via semgrep
ruamel-yaml-clib==0.2.8
    # via ruamel-yaml
ruff==0.5.1
semgrep==1.79.0
    # via invariant
setuptools==70.3.0
    # via marisa-trie
    # via spacy
    # via thinc
shellingham==1.5.4
    # via typer
smart-open==7.0.4
    # via weasel
sniffio==1.3.1
    # via anyio
    # via httpx
spacy==3.7.5
    # via invariant-server
    # via presidio-analyzer
spacy-legacy==3.0.12
    # via spacy
spacy-loggers==1.0.5
    # via spacy
sqlalchemy==2.0.31
    # via invariant-server
srsly==2.4.8
    # via confection
    # via spacy
    # via thinc
    # via weasel
starlette==0.37.2
    # via fastapi
termcolor==2.4.0
    # via invariant
thinc==8.2.5
    # via spacy
tldextract==5.1.2
    # via presidio-analyzer
tomli==2.0.1
    # via semgrep
tqdm==4.66.4
    # via spacy
typer==0.12.3
    # via fastapi-cli
    # via spacy
    # via weasel
typing-extensions==4.12.2
    # via fastapi
    # via pydantic
    # via pydantic-core
    # via semgrep
    # via sqlalchemy
    # via typer
    # via typing-inspect
typing-inspect==0.9.0
    # via invariant-server
ujson==5.10.0
    # via fastapi
urllib3==2.2.2
    # via requests
    # via semgrep
uvicorn==0.30.1
    # via fastapi
    # via invariant-server
uvloop==0.19.0
    # via uvicorn
wasabi==1.1.3
    # via spacy
    # via thinc
    # via weasel
watchfiles==0.22.0
    # via uvicorn
wcmatch==8.5.2
    # via semgrep
weasel==0.4.1
    # via spacy
websockets==12.0
    # via uvicorn
wrapt==1.16.0
    # via smart-open
